
Microsoft Visual Studio Solution File, Format Version 12.00
# Visual Studio 14
VisualStudioVersion = 14.0.25420.1
MinimumVisualStudioVersion = 10.0.40219.1
Project("{2150E333-8FDC-42A3-9474-1A3956D46DE8}") = "Persistence", "Persistence", "{E3B04D7B-CC3A-4A11-8179-06592B2AC8CE}"
EndProject
Project("{2150E333-8FDC-42A3-9474-1A3956D46DE8}") = "Tests", "Tests", "{6F98EC82-EE64-4736-9AD1-7A07C1265C50}"
EndProject
Project("{FAE04EC0-301F-11D3-BF4B-00C04F79EFBC}") = "Tests", "Tests\Tests\Tests.csproj", "{B98FC6F4-3E00-43FB-9D43-EB877F5620F1}"
EndProject
Project("{2150E333-8FDC-42A3-9474-1A3956D46DE8}") = "Presentation", "Presentation", "{CAD61762-9E8C-4FCD-99B7-3F2C1D530AF1}"
EndProject
Project("{FAE04EC0-301F-11D3-BF4B-00C04F79EFBC}") = "Api", "Presentation\Api\Api.csproj", "{0CB9F79C-E7EC-468D-8A21-38E30359B640}"
EndProject
Project("{FAE04EC0-301F-11D3-BF4B-00C04F79EFBC}") = "Database", "Persistence\Database\Database.csproj", "{21C0ADE4-6D5A-4A0C-97E9-BA8DBF790709}"
EndProject
Project("{2150E333-8FDC-42A3-9474-1A3956D46DE8}") = "Application", "Application", "{890DF942-7301-411B-B764-907CEACA906A}"
EndProject
Project("{FAE04EC0-301F-11D3-BF4B-00C04F79EFBC}") = "RepositoryTests", "Tests\RepositoryTests\RepositoryTests.csproj", "{11D4CDD8-04C1-4E94-9B45-9B5A4F08CCDC}"
EndProject
Project("{FAE04EC0-301F-11D3-BF4B-00C04F79EFBC}") = "Repositories", "Persistence\Repositories\Repositories.csproj", "{173FA57C-F55B-4EBC-BA1B-56EFA66F189D}"
EndProject
Project("{FAE04EC0-301F-11D3-BF4B-00C04F79EFBC}") = "Types", "Application\Types\Types.csproj", "{BF91FAF2-EB3A-41D3-BEF0-1962972F1F5B}"
EndProject
Project("{FAE04EC0-301F-11D3-BF4B-00C04F79EFBC}") = "Entities", "Application\Entities\Entities.csproj", "{BEE0F309-BB18-45F4-A218-A564AFEE5A69}"
EndProject
Project("{FAE04EC0-301F-11D3-BF4B-00C04F79EFBC}") = "Console", "Presentation\Console\Console.csproj", "{C319A957-A9B6-4B29-BA80-2246849054BF}"
EndProject
Global
	GlobalSection(SolutionConfigurationPlatforms) = preSolution
		Debug|Any CPU = Debug|Any CPU
		Release|Any CPU = Release|Any CPU
	EndGlobalSection
	GlobalSection(ProjectConfigurationPlatforms) = postSolution
		{B98FC6F4-3E00-43FB-9D43-EB877F5620F1}.Debug|Any CPU.ActiveCfg = Debug|Any CPU
		{B98FC6F4-3E00-43FB-9D43-EB877F5620F1}.Debug|Any CPU.Build.0 = Debug|Any CPU
		{B98FC6F4-3E00-43FB-9D43-EB877F5620F1}.Release|Any CPU.ActiveCfg = Release|Any CPU
		{B98FC6F4-3E00-43FB-9D43-EB877F5620F1}.Release|Any CPU.Build.0 = Release|Any CPU
		{0CB9F79C-E7EC-468D-8A21-38E30359B640}.Debug|Any CPU.ActiveCfg = Debug|Any CPU
		{0CB9F79C-E7EC-468D-8A21-38E30359B640}.Debug|Any CPU.Build.0 = Debug|Any CPU
		{0CB9F79C-E7EC-468D-8A21-38E30359B640}.Release|Any CPU.ActiveCfg = Release|Any CPU
		{0CB9F79C-E7EC-468D-8A21-38E30359B640}.Release|Any CPU.Build.0 = Release|Any CPU
		{21C0ADE4-6D5A-4A0C-97E9-BA8DBF790709}.Debug|Any CPU.ActiveCfg = Debug|Any CPU
		{21C0ADE4-6D5A-4A0C-97E9-BA8DBF790709}.Debug|Any CPU.Build.0 = Debug|Any CPU
		{21C0ADE4-6D5A-4A0C-97E9-BA8DBF790709}.Release|Any CPU.ActiveCfg = Release|Any CPU
		{21C0ADE4-6D5A-4A0C-97E9-BA8DBF790709}.Release|Any CPU.Build.0 = Release|Any CPU
		{11D4CDD8-04C1-4E94-9B45-9B5A4F08CCDC}.Debug|Any CPU.ActiveCfg = Debug|Any CPU
		{11D4CDD8-04C1-4E94-9B45-9B5A4F08CCDC}.Debug|Any CPU.Build.0 = Debug|Any CPU
		{11D4CDD8-04C1-4E94-9B45-9B5A4F08CCDC}.Release|Any CPU.ActiveCfg = Release|Any CPU
		{11D4CDD8-04C1-4E94-9B45-9B5A4F08CCDC}.Release|Any CPU.Build.0 = Release|Any CPU
		{173FA57C-F55B-4EBC-BA1B-56EFA66F189D}.Debug|Any CPU.ActiveCfg = Debug|Any CPU
		{173FA57C-F55B-4EBC-BA1B-56EFA66F189D}.Debug|Any CPU.Build.0 = Debug|Any CPU
		{173FA57C-F55B-4EBC-BA1B-56EFA66F189D}.Release|Any CPU.ActiveCfg = Release|Any CPU
		{173FA57C-F55B-4EBC-BA1B-56EFA66F189D}.Release|Any CPU.Build.0 = Release|Any CPU
		{BF91FAF2-EB3A-41D3-BEF0-1962972F1F5B}.Debug|Any CPU.ActiveCfg = Debug|Any CPU
		{BF91FAF2-EB3A-41D3-BEF0-1962972F1F5B}.Debug|Any CPU.Build.0 = Debug|Any CPU
		{BF91FAF2-EB3A-41D3-BEF0-1962972F1F5B}.Release|Any CPU.ActiveCfg = Release|Any CPU
		{BF91FAF2-EB3A-41D3-BEF0-1962972F1F5B}.Release|Any CPU.Build.0 = Release|Any CPU
		{BEE0F309-BB18-45F4-A218-A564AFEE5A69}.Debug|Any CPU.ActiveCfg = Debug|Any CPU
		{BEE0F309-BB18-45F4-A218-A564AFEE5A69}.Debug|Any CPU.Build.0 = Debug|Any CPU
		{BEE0F309-BB18-45F4-A218-A564AFEE5A69}.Release|Any CPU.ActiveCfg = Release|Any CPU
		{BEE0F309-BB18-45F4-A218-A564AFEE5A69}.Release|Any CPU.Build.0 = Release|Any CPU
		{C319A957-A9B6-4B29-BA80-2246849054BF}.Debug|Any CPU.ActiveCfg = Debug|Any CPU
		{C319A957-A9B6-4B29-BA80-2246849054BF}.Debug|Any CPU.Build.0 = Debug|Any CPU
		{C319A957-A9B6-4B29-BA80-2246849054BF}.Release|Any CPU.ActiveCfg = Release|Any CPU
		{C319A957-A9B6-4B29-BA80-2246849054BF}.Release|Any CPU.Build.0 = Release|Any CPU
	EndGlobalSection
	GlobalSection(SolutionProperties) = preSolution
		HideSolutionNode = FALSE
	EndGlobalSection
	GlobalSection(NestedProjects) = preSolution
		{B98FC6F4-3E00-43FB-9D43-EB877F5620F1} = {6F98EC82-EE64-4736-9AD1-7A07C1265C50}
		{0CB9F79C-E7EC-468D-8A21-38E30359B640} = {CAD61762-9E8C-4FCD-99B7-3F2C1D530AF1}
		{21C0ADE4-6D5A-4A0C-97E9-BA8DBF790709} = {E3B04D7B-CC3A-4A11-8179-06592B2AC8CE}
		{11D4CDD8-04C1-4E94-9B45-9B5A4F08CCDC} = {6F98EC82-EE64-4736-9AD1-7A07C1265C50}
		{173FA57C-F55B-4EBC-BA1B-56EFA66F189D} = {E3B04D7B-CC3A-4A11-8179-06592B2AC8CE}
		{BF91FAF2-EB3A-41D3-BEF0-1962972F1F5B} = {890DF942-7301-411B-B764-907CEACA906A}
		{BEE0F309-BB18-45F4-A218-A564AFEE5A69} = {890DF942-7301-411B-B764-907CEACA906A}
		{C319A957-A9B6-4B29-BA80-2246849054BF} = {CAD61762-9E8C-4FCD-99B7-3F2C1D530AF1}
	EndGlobalSection
	GlobalSection(ExtensibilityGlobals) = postSolution
		BuildVersion_UseUniversalClock = True
		BuildVersion_UseGlobalSettings = True
		BuildVersion_UpdateFileVersion = True
		BuildVersion_UpdateAssemblyVersion = True
		BuildVersion_StartDate = 2016/9/1
	EndGlobalSection
EndGlobal
