
Microsoft Visual Studio Solution File, Format Version 12.00
# Visual Studio 14
VisualStudioVersion = 14.0.25420.1
MinimumVisualStudioVersion = 10.0.40219.1
Project("{FAE04EC0-301F-11D3-BF4B-00C04F79EFBC}") = "BlacksmithPress.Diabetes.Cloud", "BlacksmithPress.Diabetes.Cloud\BlacksmithPress.Diabetes.Cloud.csproj", "{0CB9F79C-E7EC-468D-8A21-38E30359B640}"
EndProject
Project("{FAE04EC0-301F-11D3-BF4B-00C04F79EFBC}") = "Tests", "Tests\Tests.csproj", "{B98FC6F4-3E00-43FB-9D43-EB877F5620F1}"
EndProject
Project("{FAE04EC0-301F-11D3-BF4B-00C04F79EFBC}") = "BlacksmithPress.Diabetes.Data", "BlacksmithPress.Diabetes.Data\BlacksmithPress.Diabetes.Data.csproj", "{21C0ADE4-6D5A-4A0C-97E9-BA8DBF790709}"
EndProject
Global
	GlobalSection(SolutionConfigurationPlatforms) = preSolution
		Debug|Any CPU = Debug|Any CPU
		Release|Any CPU = Release|Any CPU
	EndGlobalSection
	GlobalSection(ProjectConfigurationPlatforms) = postSolution
		{0CB9F79C-E7EC-468D-8A21-38E30359B640}.Debug|Any CPU.ActiveCfg = Debug|Any CPU
		{0CB9F79C-E7EC-468D-8A21-38E30359B640}.Debug|Any CPU.Build.0 = Debug|Any CPU
		{0CB9F79C-E7EC-468D-8A21-38E30359B640}.Release|Any CPU.ActiveCfg = Release|Any CPU
		{0CB9F79C-E7EC-468D-8A21-38E30359B640}.Release|Any CPU.Build.0 = Release|Any CPU
		{B98FC6F4-3E00-43FB-9D43-EB877F5620F1}.Debug|Any CPU.ActiveCfg = Debug|Any CPU
		{B98FC6F4-3E00-43FB-9D43-EB877F5620F1}.Debug|Any CPU.Build.0 = Debug|Any CPU
		{B98FC6F4-3E00-43FB-9D43-EB877F5620F1}.Release|Any CPU.ActiveCfg = Release|Any CPU
		{B98FC6F4-3E00-43FB-9D43-EB877F5620F1}.Release|Any CPU.Build.0 = Release|Any CPU
		{21C0ADE4-6D5A-4A0C-97E9-BA8DBF790709}.Debug|Any CPU.ActiveCfg = Debug|Any CPU
		{21C0ADE4-6D5A-4A0C-97E9-BA8DBF790709}.Debug|Any CPU.Build.0 = Debug|Any CPU
		{21C0ADE4-6D5A-4A0C-97E9-BA8DBF790709}.Release|Any CPU.ActiveCfg = Release|Any CPU
		{21C0ADE4-6D5A-4A0C-97E9-BA8DBF790709}.Release|Any CPU.Build.0 = Release|Any CPU
	EndGlobalSection
	GlobalSection(SolutionProperties) = preSolution
		HideSolutionNode = FALSE
	EndGlobalSection
EndGlobal
